
Microsoft Visual Studio Solution File, Format Version 12.00
# Visual Studio 15
VisualStudioVersion = 15.0.27703.2035
MinimumVisualStudioVersion = 10.0.40219.1
Project("{FAE04EC0-301F-11D3-BF4B-00C04F79EFBC}") = "JoinCeng_ASPNETCORE_API_1", "JoinCeng_ASPNETCORE_API_1\JoinCeng_ASPNETCORE_API_1.csproj", "{7AC42FDB-AFA0-4060-8264-F33F86D2ED40}"
EndProject
Global
	GlobalSection(SolutionConfigurationPlatforms) = preSolution
		Debug|Any CPU = Debug|Any CPU
		Release|Any CPU = Release|Any CPU
	EndGlobalSection
	GlobalSection(ProjectConfigurationPlatforms) = postSolution
		{7AC42FDB-AFA0-4060-8264-F33F86D2ED40}.Debug|Any CPU.ActiveCfg = Debug|Any CPU
		{7AC42FDB-AFA0-4060-8264-F33F86D2ED40}.Debug|Any CPU.Build.0 = Debug|Any CPU
		{7AC42FDB-AFA0-4060-8264-F33F86D2ED40}.Release|Any CPU.ActiveCfg = Release|Any CPU
		{7AC42FDB-AFA0-4060-8264-F33F86D2ED40}.Release|Any CPU.Build.0 = Release|Any CPU
	EndGlobalSection
	GlobalSection(SolutionProperties) = preSolution
		HideSolutionNode = FALSE
	EndGlobalSection
	GlobalSection(ExtensibilityGlobals) = postSolution
		SolutionGuid = {C1E76C4C-9F2A-4123-A07B-116A20D379F7}
	EndGlobalSection
EndGlobal
